
Microsoft Visual Studio Solution File, Format Version 12.00
# Visual Studio Version 16
VisualStudioVersion = 16.0.30204.135
MinimumVisualStudioVersion = 10.0.40219.1
Project("{FAE04EC0-301F-11D3-BF4B-00C04F79EFBC}") = "Starshot.TimeTracker", "Starshot.TimeTracker\Starshot.TimeTracker.csproj", "{B55E36E7-293C-43C7-B77B-C59200CAEEBB}"
EndProject
Project("{FAE04EC0-301F-11D3-BF4B-00C04F79EFBC}") = "Starshot.TimeTracker.Backend", "Starshot.TimeTracker.Backend\Starshot.TimeTracker.Backend.csproj", "{C9024B71-3CCB-46DA-9B52-06AE86F719B9}"
EndProject
Project("{FAE04EC0-301F-11D3-BF4B-00C04F79EFBC}") = "Starshot.TimeTracker.Common", "Starshot.TimeTracker.Common\Starshot.TimeTracker.Common.csproj", "{31120E95-01F0-46F0-ADC2-B75D1F846C43}"
EndProject
Global
	GlobalSection(SolutionConfigurationPlatforms) = preSolution
		Debug|Any CPU = Debug|Any CPU
		Release|Any CPU = Release|Any CPU
	EndGlobalSection
	GlobalSection(ProjectConfigurationPlatforms) = postSolution
		{B55E36E7-293C-43C7-B77B-C59200CAEEBB}.Debug|Any CPU.ActiveCfg = Debug|Any CPU
		{B55E36E7-293C-43C7-B77B-C59200CAEEBB}.Debug|Any CPU.Build.0 = Debug|Any CPU
		{B55E36E7-293C-43C7-B77B-C59200CAEEBB}.Release|Any CPU.ActiveCfg = Release|Any CPU
		{B55E36E7-293C-43C7-B77B-C59200CAEEBB}.Release|Any CPU.Build.0 = Release|Any CPU
		{C9024B71-3CCB-46DA-9B52-06AE86F719B9}.Debug|Any CPU.ActiveCfg = Debug|Any CPU
		{C9024B71-3CCB-46DA-9B52-06AE86F719B9}.Debug|Any CPU.Build.0 = Debug|Any CPU
		{C9024B71-3CCB-46DA-9B52-06AE86F719B9}.Release|Any CPU.ActiveCfg = Release|Any CPU
		{C9024B71-3CCB-46DA-9B52-06AE86F719B9}.Release|Any CPU.Build.0 = Release|Any CPU
		{31120E95-01F0-46F0-ADC2-B75D1F846C43}.Debug|Any CPU.ActiveCfg = Debug|Any CPU
		{31120E95-01F0-46F0-ADC2-B75D1F846C43}.Debug|Any CPU.Build.0 = Debug|Any CPU
		{31120E95-01F0-46F0-ADC2-B75D1F846C43}.Release|Any CPU.ActiveCfg = Release|Any CPU
		{31120E95-01F0-46F0-ADC2-B75D1F846C43}.Release|Any CPU.Build.0 = Release|Any CPU
	EndGlobalSection
	GlobalSection(SolutionProperties) = preSolution
		HideSolutionNode = FALSE
	EndGlobalSection
	GlobalSection(ExtensibilityGlobals) = postSolution
		SolutionGuid = {242CE449-04F1-4F71-974F-D273D2CDDB52}
	EndGlobalSection
EndGlobal
